// !$*UTF8*$!
{
	archiveVersion = 1;
	classes = {
	};
	objectVersion = 55;
	objects = {

/* Begin PBXBuildFile section */
		0A06A61D2833A90D0034B7F5 /* AppDelegate.swift in Sources */ = {isa = PBXBuildFile; fileRef = 0A06A61C2833A90D0034B7F5 /* AppDelegate.swift */; };
		0A06A61F2833A90D0034B7F5 /* SceneDelegate.swift in Sources */ = {isa = PBXBuildFile; fileRef = 0A06A61E2833A90D0034B7F5 /* SceneDelegate.swift */; };
		0A06A6212833A90D0034B7F5 /* ViewController.swift in Sources */ = {isa = PBXBuildFile; fileRef = 0A06A6202833A90D0034B7F5 /* ViewController.swift */; };
		0A06A6242833A90D0034B7F5 /* Main.storyboard in Resources */ = {isa = PBXBuildFile; fileRef = 0A06A6222833A90D0034B7F5 /* Main.storyboard */; };
		0A06A6262833A90F0034B7F5 /* Assets.xcassets in Resources */ = {isa = PBXBuildFile; fileRef = 0A06A6252833A90F0034B7F5 /* Assets.xcassets */; };
		0A06A6292833A90F0034B7F5 /* LaunchScreen.storyboard in Resources */ = {isa = PBXBuildFile; fileRef = 0A06A6272833A90F0034B7F5 /* LaunchScreen.storyboard */; };
		0A06A6322833ABF70034B7F5 /* CardModel.swift in Sources */ = {isa = PBXBuildFile; fileRef = 0A06A6312833ABF70034B7F5 /* CardModel.swift */; };
		0A06A6352833AF490034B7F5 /* API.swift in Sources */ = {isa = PBXBuildFile; fileRef = 0A06A6342833AF490034B7F5 /* API.swift */; };
		0A06A6382833B2230034B7F5 /* APIService.swift in Sources */ = {isa = PBXBuildFile; fileRef = 0A06A6372833B2230034B7F5 /* APIService.swift */; };
		0A06A63A2833B36D0034B7F5 /* CardViewModel.swift in Sources */ = {isa = PBXBuildFile; fileRef = 0A06A6392833B36D0034B7F5 /* CardViewModel.swift */; };
		0A06A63D2833B6A60034B7F5 /* CardTableViewCell.swift in Sources */ = {isa = PBXBuildFile; fileRef = 0A06A63B2833B6A60034B7F5 /* CardTableViewCell.swift */; };
		0A06A63E2833B6A60034B7F5 /* CardTableViewCell.xib in Resources */ = {isa = PBXBuildFile; fileRef = 0A06A63C2833B6A60034B7F5 /* CardTableViewCell.xib */; };
		0A06A64A2833BAAC0034B7F5 /* CardCollectionViewCell.swift in Sources */ = {isa = PBXBuildFile; fileRef = 0A06A6482833BAAC0034B7F5 /* CardCollectionViewCell.swift */; };
		0A06A64B2833BAAC0034B7F5 /* CardCollectionViewCell.xib in Resources */ = {isa = PBXBuildFile; fileRef = 0A06A6492833BAAC0034B7F5 /* CardCollectionViewCell.xib */; };
		0A06A64D2833BF350034B7F5 /* Constants.swift in Sources */ = {isa = PBXBuildFile; fileRef = 0A06A64C2833BF350034B7F5 /* Constants.swift */; };
		0A0FD5062833C5EC00A2191F /* Extensions.swift in Sources */ = {isa = PBXBuildFile; fileRef = 0A0FD5052833C5EC00A2191F /* Extensions.swift */; };
		0A0FD5092834536900A2191F /* Reachability.swift in Sources */ = {isa = PBXBuildFile; fileRef = 0A0FD5082834536900A2191F /* Reachability.swift */; };
		0A0FD50C28346BFB00A2191F /* Toast.swift in Sources */ = {isa = PBXBuildFile; fileRef = 0A0FD50B28346BFB00A2191F /* Toast.swift */; };
		0A0FD50E2834BAF800A2191F /* TypeClass.swift in Sources */ = {isa = PBXBuildFile; fileRef = 0A0FD50D2834BAF800A2191F /* TypeClass.swift */; };
		0A0FD5142834E97700A2191F /* HTTPMethod.swift in Sources */ = {isa = PBXBuildFile; fileRef = 0A0FD5132834E97700A2191F /* HTTPMethod.swift */; };
/* End PBXBuildFile section */

/* Begin PBXFileReference section */
		0A06A6192833A90D0034B7F5 /* BrokerNetworkIOS.app */ = {isa = PBXFileReference; explicitFileType = wrapper.application; includeInIndex = 0; path = BrokerNetworkIOS.app; sourceTree = BUILT_PRODUCTS_DIR; };
		0A06A61C2833A90D0034B7F5 /* AppDelegate.swift */ = {isa = PBXFileReference; lastKnownFileType = sourcecode.swift; path = AppDelegate.swift; sourceTree = "<group>"; };
		0A06A61E2833A90D0034B7F5 /* SceneDelegate.swift */ = {isa = PBXFileReference; lastKnownFileType = sourcecode.swift; path = SceneDelegate.swift; sourceTree = "<group>"; };
		0A06A6202833A90D0034B7F5 /* ViewController.swift */ = {isa = PBXFileReference; lastKnownFileType = sourcecode.swift; path = ViewController.swift; sourceTree = "<group>"; };
		0A06A6232833A90D0034B7F5 /* Base */ = {isa = PBXFileReference; lastKnownFileType = file.storyboard; name = Base; path = Base.lproj/Main.storyboard; sourceTree = "<group>"; };
		0A06A6252833A90F0034B7F5 /* Assets.xcassets */ = {isa = PBXFileReference; lastKnownFileType = folder.assetcatalog; path = Assets.xcassets; sourceTree = "<group>"; };
		0A06A6282833A90F0034B7F5 /* Base */ = {isa = PBXFileReference; lastKnownFileType = file.storyboard; name = Base; path = Base.lproj/LaunchScreen.storyboard; sourceTree = "<group>"; };
		0A06A62A2833A90F0034B7F5 /* Info.plist */ = {isa = PBXFileReference; lastKnownFileType = text.plist.xml; path = Info.plist; sourceTree = "<group>"; };
		0A06A6312833ABF70034B7F5 /* CardModel.swift */ = {isa = PBXFileReference; lastKnownFileType = sourcecode.swift; path = CardModel.swift; sourceTree = "<group>"; };
		0A06A6342833AF490034B7F5 /* API.swift */ = {isa = PBXFileReference; lastKnownFileType = sourcecode.swift; path = API.swift; sourceTree = "<group>"; };
		0A06A6372833B2230034B7F5 /* APIService.swift */ = {isa = PBXFileReference; lastKnownFileType = sourcecode.swift; path = APIService.swift; sourceTree = "<group>"; };
		0A06A6392833B36D0034B7F5 /* CardViewModel.swift */ = {isa = PBXFileReference; lastKnownFileType = sourcecode.swift; path = CardViewModel.swift; sourceTree = "<group>"; };
		0A06A63B2833B6A60034B7F5 /* CardTableViewCell.swift */ = {isa = PBXFileReference; lastKnownFileType = sourcecode.swift; path = CardTableViewCell.swift; sourceTree = "<group>"; };
		0A06A63C2833B6A60034B7F5 /* CardTableViewCell.xib */ = {isa = PBXFileReference; lastKnownFileType = file.xib; path = CardTableViewCell.xib; sourceTree = "<group>"; };
		0A06A6482833BAAC0034B7F5 /* CardCollectionViewCell.swift */ = {isa = PBXFileReference; lastKnownFileType = sourcecode.swift; path = CardCollectionViewCell.swift; sourceTree = "<group>"; };
		0A06A6492833BAAC0034B7F5 /* CardCollectionViewCell.xib */ = {isa = PBXFileReference; lastKnownFileType = file.xib; path = CardCollectionViewCell.xib; sourceTree = "<group>"; };
		0A06A64C2833BF350034B7F5 /* Constants.swift */ = {isa = PBXFileReference; lastKnownFileType = sourcecode.swift; path = Constants.swift; sourceTree = "<group>"; };
		0A0FD5052833C5EC00A2191F /* Extensions.swift */ = {isa = PBXFileReference; lastKnownFileType = sourcecode.swift; path = Extensions.swift; sourceTree = "<group>"; };
		0A0FD5082834536900A2191F /* Reachability.swift */ = {isa = PBXFileReference; lastKnownFileType = sourcecode.swift; path = Reachability.swift; sourceTree = "<group>"; };
		0A0FD50B28346BFB00A2191F /* Toast.swift */ = {isa = PBXFileReference; lastKnownFileType = sourcecode.swift; path = Toast.swift; sourceTree = "<group>"; };
		0A0FD50D2834BAF800A2191F /* TypeClass.swift */ = {isa = PBXFileReference; lastKnownFileType = sourcecode.swift; path = TypeClass.swift; sourceTree = "<group>"; };
		0A0FD5132834E97700A2191F /* HTTPMethod.swift */ = {isa = PBXFileReference; lastKnownFileType = sourcecode.swift; path = HTTPMethod.swift; sourceTree = "<group>"; };
/* End PBXFileReference section */

/* Begin PBXFrameworksBuildPhase section */
		0A06A6162833A90D0034B7F5 /* Frameworks */ = {
			isa = PBXFrameworksBuildPhase;
			buildActionMask = 2147483647;
			files = (
			);
			runOnlyForDeploymentPostprocessing = 0;
		};
/* End PBXFrameworksBuildPhase section */

/* Begin PBXGroup section */
		0A06A6102833A90D0034B7F5 = {
			isa = PBXGroup;
			children = (
				0A06A61B2833A90D0034B7F5 /* BrokerNetworkIOS */,
				0A06A61A2833A90D0034B7F5 /* Products */,
			);
			sourceTree = "<group>";
		};
		0A06A61A2833A90D0034B7F5 /* Products */ = {
			isa = PBXGroup;
			children = (
				0A06A6192833A90D0034B7F5 /* BrokerNetworkIOS.app */,
			);
			name = Products;
			sourceTree = "<group>";
		};
		0A06A61B2833A90D0034B7F5 /* BrokerNetworkIOS */ = {
			isa = PBXGroup;
			children = (
				0A06A61C2833A90D0034B7F5 /* AppDelegate.swift */,
				0A06A61E2833A90D0034B7F5 /* SceneDelegate.swift */,
				0A06A6202833A90D0034B7F5 /* ViewController.swift */,
				0A06A6302833ABDE0034B7F5 /* Models */,
				0A06A63F2833B6AC0034B7F5 /* Views */,
				0A06A6332833AC0E0034B7F5 /* ViewModel */,
				0A0FD50A28346BE800A2191F /* CustomViews */,
				0A0FD50F2834BAFE00A2191F /* Enum */,
				0A0FD5122834E92800A2191F /* NetworkLayer */,
				0A06A6362833AF4F0034B7F5 /* Utils */,
				0A06A6222833A90D0034B7F5 /* Main.storyboard */,
				0A06A6252833A90F0034B7F5 /* Assets.xcassets */,
				0A06A6272833A90F0034B7F5 /* LaunchScreen.storyboard */,
				0A06A62A2833A90F0034B7F5 /* Info.plist */,
			);
			path = BrokerNetworkIOS;
			sourceTree = "<group>";
		};
		0A06A6302833ABDE0034B7F5 /* Models */ = {
			isa = PBXGroup;
			children = (
				0A06A6312833ABF70034B7F5 /* CardModel.swift */,
			);
			path = Models;
			sourceTree = "<group>";
		};
		0A06A6332833AC0E0034B7F5 /* ViewModel */ = {
			isa = PBXGroup;
			children = (
				0A06A6392833B36D0034B7F5 /* CardViewModel.swift */,
			);
			path = ViewModel;
			sourceTree = "<group>";
		};
		0A06A6362833AF4F0034B7F5 /* Utils */ = {
			isa = PBXGroup;
			children = (
				0A06A64C2833BF350034B7F5 /* Constants.swift */,
				0A0FD5052833C5EC00A2191F /* Extensions.swift */,
				0A0FD5082834536900A2191F /* Reachability.swift */,
			);
			path = Utils;
			sourceTree = "<group>";
		};
		0A06A63F2833B6AC0034B7F5 /* Views */ = {
			isa = PBXGroup;
			children = (
				0A06A6402833BA460034B7F5 /* TableCell */,
				0A06A6412833BA560034B7F5 /* CollectionCell */,
			);
			path = Views;
			sourceTree = "<group>";
		};
		0A06A6402833BA460034B7F5 /* TableCell */ = {
			isa = PBXGroup;
			children = (
				0A06A63B2833B6A60034B7F5 /* CardTableViewCell.swift */,
				0A06A63C2833B6A60034B7F5 /* CardTableViewCell.xib */,
			);
			path = TableCell;
			sourceTree = "<group>";
		};
		0A06A6412833BA560034B7F5 /* CollectionCell */ = {
			isa = PBXGroup;
			children = (
				0A06A6482833BAAC0034B7F5 /* CardCollectionViewCell.swift */,
				0A06A6492833BAAC0034B7F5 /* CardCollectionViewCell.xib */,
			);
			path = CollectionCell;
			sourceTree = "<group>";
		};
		0A0FD50A28346BE800A2191F /* CustomViews */ = {
			isa = PBXGroup;
			children = (
				0A0FD50B28346BFB00A2191F /* Toast.swift */,
			);
			path = CustomViews;
			sourceTree = "<group>";
		};
		0A0FD50F2834BAFE00A2191F /* Enum */ = {
			isa = PBXGroup;
			children = (
				0A0FD50D2834BAF800A2191F /* TypeClass.swift */,
				0A0FD5132834E97700A2191F /* HTTPMethod.swift */,
			);
			path = Enum;
			sourceTree = "<group>";
		};
		0A0FD5122834E92800A2191F /* NetworkLayer */ = {
			isa = PBXGroup;
			children = (
				0A06A6342833AF490034B7F5 /* API.swift */,
				0A06A6372833B2230034B7F5 /* APIService.swift */,
			);
			path = NetworkLayer;
			sourceTree = "<group>";
		};
/* End PBXGroup section */

/* Begin PBXNativeTarget section */
		0A06A6182833A90D0034B7F5 /* BrokerNetworkIOS */ = {
			isa = PBXNativeTarget;
			buildConfigurationList = 0A06A62D2833A90F0034B7F5 /* Build configuration list for PBXNativeTarget "BrokerNetworkIOS" */;
			buildPhases = (
				0A06A6152833A90D0034B7F5 /* Sources */,
				0A06A6162833A90D0034B7F5 /* Frameworks */,
				0A06A6172833A90D0034B7F5 /* Resources */,
			);
			buildRules = (
			);
			dependencies = (
			);
			name = BrokerNetworkIOS;
			productName = BrokerNetworkIOS;
			productReference = 0A06A6192833A90D0034B7F5 /* BrokerNetworkIOS.app */;
			productType = "com.apple.product-type.application";
		};
/* End PBXNativeTarget section */

/* Begin PBXProject section */
		0A06A6112833A90D0034B7F5 /* Project object */ = {
			isa = PBXProject;
			attributes = {
				BuildIndependentTargetsInParallel = 1;
				LastSwiftUpdateCheck = 1310;
				LastUpgradeCheck = 1310;
				TargetAttributes = {
					0A06A6182833A90D0034B7F5 = {
						CreatedOnToolsVersion = 13.1;
					};
				};
			};
			buildConfigurationList = 0A06A6142833A90D0034B7F5 /* Build configuration list for PBXProject "BrokerNetworkIOS" */;
			compatibilityVersion = "Xcode 13.0";
			developmentRegion = en;
			hasScannedForEncodings = 0;
			knownRegions = (
				en,
				Base,
			);
			mainGroup = 0A06A6102833A90D0034B7F5;
			productRefGroup = 0A06A61A2833A90D0034B7F5 /* Products */;
			projectDirPath = "";
			projectRoot = "";
			targets = (
				0A06A6182833A90D0034B7F5 /* BrokerNetworkIOS */,
			);
		};
/* End PBXProject section */

/* Begin PBXResourcesBuildPhase section */
		0A06A6172833A90D0034B7F5 /* Resources */ = {
			isa = PBXResourcesBuildPhase;
			buildActionMask = 2147483647;
			files = (
				0A06A6292833A90F0034B7F5 /* LaunchScreen.storyboard in Resources */,
				0A06A64B2833BAAC0034B7F5 /* CardCollectionViewCell.xib in Resources */,
				0A06A6262833A90F0034B7F5 /* Assets.xcassets in Resources */,
				0A06A6242833A90D0034B7F5 /* Main.storyboard in Resources */,
				0A06A63E2833B6A60034B7F5 /* CardTableViewCell.xib in Resources */,
			);
			runOnlyForDeploymentPostprocessing = 0;
		};
/* End PBXResourcesBuildPhase section */

/* Begin PBXSourcesBuildPhase section */
		0A06A6152833A90D0034B7F5 /* Sources */ = {
			isa = PBXSourcesBuildPhase;
			buildActionMask = 2147483647;
			files = (
				0A0FD50C28346BFB00A2191F /* Toast.swift in Sources */,
				0A06A6212833A90D0034B7F5 /* ViewController.swift in Sources */,
				0A06A6352833AF490034B7F5 /* API.swift in Sources */,
				0A0FD5092834536900A2191F /* Reachability.swift in Sources */,
				0A06A6322833ABF70034B7F5 /* CardModel.swift in Sources */,
				0A06A61D2833A90D0034B7F5 /* AppDelegate.swift in Sources */,
				0A0FD50E2834BAF800A2191F /* TypeClass.swift in Sources */,
				0A06A6382833B2230034B7F5 /* APIService.swift in Sources */,
				0A0FD5142834E97700A2191F /* HTTPMethod.swift in Sources */,
				0A06A64D2833BF350034B7F5 /* Constants.swift in Sources */,
				0A06A61F2833A90D0034B7F5 /* SceneDelegate.swift in Sources */,
				0A06A63A2833B36D0034B7F5 /* CardViewModel.swift in Sources */,
				0A06A64A2833BAAC0034B7F5 /* CardCollectionViewCell.swift in Sources */,
				0A0FD5062833C5EC00A2191F /* Extensions.swift in Sources */,
				0A06A63D2833B6A60034B7F5 /* CardTableViewCell.swift in Sources */,
			);
			runOnlyForDeploymentPostprocessing = 0;
		};
/* End PBXSourcesBuildPhase section */

/* Begin PBXVariantGroup section */
		0A06A6222833A90D0034B7F5 /* Main.storyboard */ = {
			isa = PBXVariantGroup;
			children = (
				0A06A6232833A90D0034B7F5 /* Base */,
			);
			name = Main.storyboard;
			sourceTree = "<group>";
		};
		0A06A6272833A90F0034B7F5 /* LaunchScreen.storyboard */ = {
			isa = PBXVariantGroup;
			children = (
				0A06A6282833A90F0034B7F5 /* Base */,
			);
			name = LaunchScreen.storyboard;
			sourceTree = "<group>";
		};
/* End PBXVariantGroup section */

/* Begin XCBuildConfiguration section */
		0A06A62B2833A90F0034B7F5 /* Debug */ = {
			isa = XCBuildConfiguration;
			buildSettings = {
				ALWAYS_SEARCH_USER_PATHS = NO;
				CLANG_ANALYZER_NONNULL = YES;
				CLANG_ANALYZER_NUMBER_OBJECT_CONVERSION = YES_AGGRESSIVE;
				CLANG_CXX_LANGUAGE_STANDARD = "gnu++17";
				CLANG_CXX_LIBRARY = "libc++";
				CLANG_ENABLE_MODULES = YES;
				CLANG_ENABLE_OBJC_ARC = YES;
				CLANG_ENABLE_OBJC_WEAK = YES;
				CLANG_WARN_BLOCK_CAPTURE_AUTORELEASING = YES;
				CLANG_WARN_BOOL_CONVERSION = YES;
				CLANG_WARN_COMMA = YES;
				CLANG_WARN_CONSTANT_CONVERSION = YES;
				CLANG_WARN_DEPRECATED_OBJC_IMPLEMENTATIONS = YES;
				CLANG_WARN_DIRECT_OBJC_ISA_USAGE = YES_ERROR;
				CLANG_WARN_DOCUMENTATION_COMMENTS = YES;
				CLANG_WARN_EMPTY_BODY = YES;
				CLANG_WARN_ENUM_CONVERSION = YES;
				CLANG_WARN_INFINITE_RECURSION = YES;
				CLANG_WARN_INT_CONVERSION = YES;
				CLANG_WARN_NON_LITERAL_NULL_CONVERSION = YES;
				CLANG_WARN_OBJC_IMPLICIT_RETAIN_SELF = YES;
				CLANG_WARN_OBJC_LITERAL_CONVERSION = YES;
				CLANG_WARN_OBJC_ROOT_CLASS = YES_ERROR;
				CLANG_WARN_QUOTED_INCLUDE_IN_FRAMEWORK_HEADER = YES;
				CLANG_WARN_RANGE_LOOP_ANALYSIS = YES;
				CLANG_WARN_STRICT_PROTOTYPES = YES;
				CLANG_WARN_SUSPICIOUS_MOVE = YES;
				CLANG_WARN_UNGUARDED_AVAILABILITY = YES_AGGRESSIVE;
				CLANG_WARN_UNREACHABLE_CODE = YES;
				CLANG_WARN__DUPLICATE_METHOD_MATCH = YES;
				COPY_PHASE_STRIP = NO;
				DEBUG_INFORMATION_FORMAT = dwarf;
				ENABLE_STRICT_OBJC_MSGSEND = YES;
				ENABLE_TESTABILITY = YES;
				GCC_C_LANGUAGE_STANDARD = gnu11;
				GCC_DYNAMIC_NO_PIC = NO;
				GCC_NO_COMMON_BLOCKS = YES;
				GCC_OPTIMIZATION_LEVEL = 0;
				GCC_PREPROCESSOR_DEFINITIONS = (
					"DEBUG=1",
					"$(inherited)",
				);
				GCC_WARN_64_TO_32_BIT_CONVERSION = YES;
				GCC_WARN_ABOUT_RETURN_TYPE = YES_ERROR;
				GCC_WARN_UNDECLARED_SELECTOR = YES;
				GCC_WARN_UNINITIALIZED_AUTOS = YES_AGGRESSIVE;
				GCC_WARN_UNUSED_FUNCTION = YES;
				GCC_WARN_UNUSED_VARIABLE = YES;
				IPHONEOS_DEPLOYMENT_TARGET = 15.0;
				MTL_ENABLE_DEBUG_INFO = INCLUDE_SOURCE;
				MTL_FAST_MATH = YES;
				ONLY_ACTIVE_ARCH = YES;
				SDKROOT = iphoneos;
				SWIFT_ACTIVE_COMPILATION_CONDITIONS = DEBUG;
				SWIFT_OPTIMIZATION_LEVEL = "-Onone";
			};
			name = Debug;
		};
		0A06A62C2833A90F0034B7F5 /* Release */ = {
			isa = XCBuildConfiguration;
			buildSettings = {
				ALWAYS_SEARCH_USER_PATHS = NO;
				CLANG_ANALYZER_NONNULL = YES;
				CLANG_ANALYZER_NUMBER_OBJECT_CONVERSION = YES_AGGRESSIVE;
				CLANG_CXX_LANGUAGE_STANDARD = "gnu++17";
				CLANG_CXX_LIBRARY = "libc++";
				CLANG_ENABLE_MODULES = YES;
				CLANG_ENABLE_OBJC_ARC = YES;
				CLANG_ENABLE_OBJC_WEAK = YES;
				CLANG_WARN_BLOCK_CAPTURE_AUTORELEASING = YES;
				CLANG_WARN_BOOL_CONVERSION = YES;
				CLANG_WARN_COMMA = YES;
				CLANG_WARN_CONSTANT_CONVERSION = YES;
				CLANG_WARN_DEPRECATED_OBJC_IMPLEMENTATIONS = YES;
				CLANG_WARN_DIRECT_OBJC_ISA_USAGE = YES_ERROR;
				CLANG_WARN_DOCUMENTATION_COMMENTS = YES;
				CLANG_WARN_EMPTY_BODY = YES;
				CLANG_WARN_ENUM_CONVERSION = YES;
				CLANG_WARN_INFINITE_RECURSION = YES;
				CLANG_WARN_INT_CONVERSION = YES;
				CLANG_WARN_NON_LITERAL_NULL_CONVERSION = YES;
				CLANG_WARN_OBJC_IMPLICIT_RETAIN_SELF = YES;
				CLANG_WARN_OBJC_LITERAL_CONVERSION = YES;
				CLANG_WARN_OBJC_ROOT_CLASS = YES_ERROR;
				CLANG_WARN_QUOTED_INCLUDE_IN_FRAMEWORK_HEADER = YES;
				CLANG_WARN_RANGE_LOOP_ANALYSIS = YES;
				CLANG_WARN_STRICT_PROTOTYPES = YES;
				CLANG_WARN_SUSPICIOUS_MOVE = YES;
				CLANG_WARN_UNGUARDED_AVAILABILITY = YES_AGGRESSIVE;
				CLANG_WARN_UNREACHABLE_CODE = YES;
				CLANG_WARN__DUPLICATE_METHOD_MATCH = YES;
				COPY_PHASE_STRIP = NO;
				DEBUG_INFORMATION_FORMAT = "dwarf-with-dsym";
				ENABLE_NS_ASSERTIONS = NO;
				ENABLE_STRICT_OBJC_MSGSEND = YES;
				GCC_C_LANGUAGE_STANDARD = gnu11;
				GCC_NO_COMMON_BLOCKS = YES;
				GCC_WARN_64_TO_32_BIT_CONVERSION = YES;
				GCC_WARN_ABOUT_RETURN_TYPE = YES_ERROR;
				GCC_WARN_UNDECLARED_SELECTOR = YES;
				GCC_WARN_UNINITIALIZED_AUTOS = YES_AGGRESSIVE;
				GCC_WARN_UNUSED_FUNCTION = YES;
				GCC_WARN_UNUSED_VARIABLE = YES;
				IPHONEOS_DEPLOYMENT_TARGET = 15.0;
				MTL_ENABLE_DEBUG_INFO = NO;
				MTL_FAST_MATH = YES;
				SDKROOT = iphoneos;
				SWIFT_COMPILATION_MODE = wholemodule;
				SWIFT_OPTIMIZATION_LEVEL = "-O";
				VALIDATE_PRODUCT = YES;
			};
			name = Release;
		};
		0A06A62E2833A9100034B7F5 /* Debug */ = {
			isa = XCBuildConfiguration;
			buildSettings = {
				ASSETCATALOG_COMPILER_APPICON_NAME = AppIcon;
				ASSETCATALOG_COMPILER_GLOBAL_ACCENT_COLOR_NAME = AccentColor;
				CODE_SIGN_STYLE = Automatic;
				CURRENT_PROJECT_VERSION = 1;
				GENERATE_INFOPLIST_FILE = YES;
				INFOPLIST_FILE = BrokerNetworkIOS/Info.plist;
				INFOPLIST_KEY_UIApplicationSupportsIndirectInputEvents = YES;
				INFOPLIST_KEY_UILaunchStoryboardName = LaunchScreen;
				INFOPLIST_KEY_UIMainStoryboardFile = Main;
				INFOPLIST_KEY_UISupportedInterfaceOrientations_iPad = "UIInterfaceOrientationPortrait UIInterfaceOrientationPortraitUpsideDown UIInterfaceOrientationLandscapeLeft UIInterfaceOrientationLandscapeRight";
				INFOPLIST_KEY_UISupportedInterfaceOrientations_iPhone = "UIInterfaceOrientationPortrait UIInterfaceOrientationLandscapeLeft UIInterfaceOrientationLandscapeRight";
				LD_RUNPATH_SEARCH_PATHS = (
					"$(inherited)",
					"@executable_path/Frameworks",
				);
				MARKETING_VERSION = 1.0;
				PRODUCT_BUNDLE_IDENTIFIER = com.neosoft.BrokerNetworkIOS;
				PRODUCT_NAME = "$(TARGET_NAME)";
				SWIFT_EMIT_LOC_STRINGS = YES;
				SWIFT_VERSION = 5.0;
				TARGETED_DEVICE_FAMILY = "1,2";
			};
			name = Debug;
		};
		0A06A62F2833A9100034B7F5 /* Release */ = {
			isa = XCBuildConfiguration;
			buildSettings = {
				ASSETCATALOG_COMPILER_APPICON_NAME = AppIcon;
				ASSETCATALOG_COMPILER_GLOBAL_ACCENT_COLOR_NAME = AccentColor;
				CODE_SIGN_STYLE = Automatic;
				CURRENT_PROJECT_VERSION = 1;
				GENERATE_INFOPLIST_FILE = YES;
				INFOPLIST_FILE = BrokerNetworkIOS/Info.plist;
				INFOPLIST_KEY_UIApplicationSupportsIndirectInputEvents = YES;
				INFOPLIST_KEY_UILaunchStoryboardName = LaunchScreen;
				INFOPLIST_KEY_UIMainStoryboardFile = Main;
				INFOPLIST_KEY_UISupportedInterfaceOrientations_iPad = "UIInterfaceOrientationPortrait UIInterfaceOrientationPortraitUpsideDown UIInterfaceOrientationLandscapeLeft UIInterfaceOrientationLandscapeRight";
				INFOPLIST_KEY_UISupportedInterfaceOrientations_iPhone = "UIInterfaceOrientationPortrait UIInterfaceOrientationLandscapeLeft UIInterfaceOrientationLandscapeRight";
				LD_RUNPATH_SEARCH_PATHS = (
					"$(inherited)",
					"@executable_path/Frameworks",
				);
				MARKETING_VERSION = 1.0;
				PRODUCT_BUNDLE_IDENTIFIER = com.neosoft.BrokerNetworkIOS;
				PRODUCT_NAME = "$(TARGET_NAME)";
				SWIFT_EMIT_LOC_STRINGS = YES;
				SWIFT_VERSION = 5.0;
				TARGETED_DEVICE_FAMILY = "1,2";
			};
			name = Release;
		};
/* End XCBuildConfiguration section */

/* Begin XCConfigurationList section */
		0A06A6142833A90D0034B7F5 /* Build configuration list for PBXProject "BrokerNetworkIOS" */ = {
			isa = XCConfigurationList;
			buildConfigurations = (
				0A06A62B2833A90F0034B7F5 /* Debug */,
				0A06A62C2833A90F0034B7F5 /* Release */,
			);
			defaultConfigurationIsVisible = 0;
			defaultConfigurationName = Release;
		};
		0A06A62D2833A90F0034B7F5 /* Build configuration list for PBXNativeTarget "BrokerNetworkIOS" */ = {
			isa = XCConfigurationList;
			buildConfigurations = (
				0A06A62E2833A9100034B7F5 /* Debug */,
				0A06A62F2833A9100034B7F5 /* Release */,
			);
			defaultConfigurationIsVisible = 0;
			defaultConfigurationName = Release;
		};
/* End XCConfigurationList section */
	};
	rootObject = 0A06A6112833A90D0034B7F5 /* Project object */;
}
